
Microsoft Visual Studio Solution File, Format Version 12.00
# Visual Studio Version 17
VisualStudioVersion = 17.3.32819.101
MinimumVisualStudioVersion = 10.0.40219.1
Project("{9A19103F-16F7-4668-BE54-9A1E7A4F7556}") = "Sang.AspNetCore.SignAuthorization", "SignAuthorization\Sang.AspNetCore.SignAuthorization.csproj", "{90039DEC-41CB-4BC1-A07C-BD53138E2E8A}"
EndProject
Project("{9A19103F-16F7-4668-BE54-9A1E7A4F7556}") = "TestWebAPI", "TestWebAPI\TestWebAPI.csproj", "{ABCD7BD0-577B-4ACF-96E4-754ADCE790DF}"
EndProject
Project("{9A19103F-16F7-4668-BE54-9A1E7A4F7556}") = "TestWebMiniAPI", "TestWebMiniAPI\TestWebMiniAPI.csproj", "{69308B3E-9A90-4EB5-BF02-2F5FFA4F9ADB}"
EndProject
Project("{FAE04EC0-301F-11D3-BF4B-00C04F79EFBC}") = "TestSignAuthorization", "TestSignAuthorization\TestSignAuthorization.csproj", "{DF3D45EB-2E19-46AE-B6EC-771553BD71E8}"
EndProject
Global
	GlobalSection(SolutionConfigurationPlatforms) = preSolution
		Debug|Any CPU = Debug|Any CPU
		Release|Any CPU = Release|Any CPU
	EndGlobalSection
	GlobalSection(ProjectConfigurationPlatforms) = postSolution
		{90039DEC-41CB-4BC1-A07C-BD53138E2E8A}.Debug|Any CPU.ActiveCfg = Debug|Any CPU
		{90039DEC-41CB-4BC1-A07C-BD53138E2E8A}.Debug|Any CPU.Build.0 = Debug|Any CPU
		{90039DEC-41CB-4BC1-A07C-BD53138E2E8A}.Release|Any CPU.ActiveCfg = Release|Any CPU
		{90039DEC-41CB-4BC1-A07C-BD53138E2E8A}.Release|Any CPU.Build.0 = Release|Any CPU
		{ABCD7BD0-577B-4ACF-96E4-754ADCE790DF}.Debug|Any CPU.ActiveCfg = Debug|Any CPU
		{ABCD7BD0-577B-4ACF-96E4-754ADCE790DF}.Debug|Any CPU.Build.0 = Debug|Any CPU
		{ABCD7BD0-577B-4ACF-96E4-754ADCE790DF}.Release|Any CPU.ActiveCfg = Release|Any CPU
		{ABCD7BD0-577B-4ACF-96E4-754ADCE790DF}.Release|Any CPU.Build.0 = Release|Any CPU
		{69308B3E-9A90-4EB5-BF02-2F5FFA4F9ADB}.Debug|Any CPU.ActiveCfg = Debug|Any CPU
		{69308B3E-9A90-4EB5-BF02-2F5FFA4F9ADB}.Debug|Any CPU.Build.0 = Debug|Any CPU
		{69308B3E-9A90-4EB5-BF02-2F5FFA4F9ADB}.Release|Any CPU.ActiveCfg = Release|Any CPU
		{69308B3E-9A90-4EB5-BF02-2F5FFA4F9ADB}.Release|Any CPU.Build.0 = Release|Any CPU
		{DF3D45EB-2E19-46AE-B6EC-771553BD71E8}.Debug|Any CPU.ActiveCfg = Debug|Any CPU
		{DF3D45EB-2E19-46AE-B6EC-771553BD71E8}.Debug|Any CPU.Build.0 = Debug|Any CPU
		{DF3D45EB-2E19-46AE-B6EC-771553BD71E8}.Release|Any CPU.ActiveCfg = Release|Any CPU
		{DF3D45EB-2E19-46AE-B6EC-771553BD71E8}.Release|Any CPU.Build.0 = Release|Any CPU
	EndGlobalSection
	GlobalSection(SolutionProperties) = preSolution
		HideSolutionNode = FALSE
	EndGlobalSection
	GlobalSection(ExtensibilityGlobals) = postSolution
		SolutionGuid = {B189EC62-3537-4213-B7B5-8C65152FA2BC}
	EndGlobalSection
EndGlobal
